# This file is autogenerated, do not edit; changes may be undone by the next 'dep ensure'.


[[projects]]
  name = "github.com/dave/jennifer"
  packages = ["jen"]
  revision = "0264ec47f284c27fe4f52072dc0f4da5a5771c04"
  version = "v0.19.0"

[[projects]]
  name = "github.com/fatih/structtag"
  packages = ["."]
  revision = "da3d9ab5b78fdc25d3a7614853b085200bd10da9"
  version = "v0.1.0"

[[projects]]
  name = "github.com/vetcher/go-astra"
  packages = [
    ".",
    "types"
  ]
  revision = "3e1e91982a81af711fe604327d335a5e3c125f5c"
  version = "v1.1.0"

[solve-meta]
  analyzer-name = "dep"
  analyzer-version = 1
  inputs-digest = "9dea4a8fabadde1362cc27f1935dd7a139cff5163e97ec163e4db5a883d924d1"
  solver-name = "gps-cdcl"
  solver-version = 1
